
Microsoft Visual Studio Solution File, Format Version 12.00
# Visual Studio Version 16
VisualStudioVersion = 16.0.31729.503
MinimumVisualStudioVersion = 10.0.40219.1
Project("{8BC9CEB8-8B4A-11D0-8D11-00A0C91BC942}") = "class-data-char", "class-data-char\class-data-char.vcxproj", "{51F0A372-119E-46DD-81D2-A41A79EDAD86}"
EndProject
Global
	GlobalSection(SolutionConfigurationPlatforms) = preSolution
		Debug|x64 = Debug|x64
		Debug|x86 = Debug|x86
		Release|x64 = Release|x64
		Release|x86 = Release|x86
	EndGlobalSection
	GlobalSection(ProjectConfigurationPlatforms) = postSolution
		{51F0A372-119E-46DD-81D2-A41A79EDAD86}.Debug|x64.ActiveCfg = Debug|x64
		{51F0A372-119E-46DD-81D2-A41A79EDAD86}.Debug|x64.Build.0 = Debug|x64
		{51F0A372-119E-46DD-81D2-A41A79EDAD86}.Debug|x86.ActiveCfg = Debug|Win32
		{51F0A372-119E-46DD-81D2-A41A79EDAD86}.Debug|x86.Build.0 = Debug|Win32
		{51F0A372-119E-46DD-81D2-A41A79EDAD86}.Release|x64.ActiveCfg = Release|x64
		{51F0A372-119E-46DD-81D2-A41A79EDAD86}.Release|x64.Build.0 = Release|x64
		{51F0A372-119E-46DD-81D2-A41A79EDAD86}.Release|x86.ActiveCfg = Release|Win32
		{51F0A372-119E-46DD-81D2-A41A79EDAD86}.Release|x86.Build.0 = Release|Win32
	EndGlobalSection
	GlobalSection(SolutionProperties) = preSolution
		HideSolutionNode = FALSE
	EndGlobalSection
	GlobalSection(ExtensibilityGlobals) = postSolution
		SolutionGuid = {9A3743BB-1C12-4A87-B49C-D44847A9DE24}
	EndGlobalSection
EndGlobal
